
Microsoft Visual Studio Solution File, Format Version 12.00
# Visual Studio Version 17
VisualStudioVersion = 17.8.34330.188
MinimumVisualStudioVersion = 10.0.40219.1
Project("{FAE04EC0-301F-11D3-BF4B-00C04F79EFBC}") = "PipeClient", "PipeClient.csproj", "{689B9E2B-BC52-46A0-A99E-52101226A2E3}"
EndProject
Global
	GlobalSection(SolutionConfigurationPlatforms) = preSolution
		Debug|Any CPU = Debug|Any CPU
		Release|Any CPU = Release|Any CPU
	EndGlobalSection
	GlobalSection(ProjectConfigurationPlatforms) = postSolution
		{689B9E2B-BC52-46A0-A99E-52101226A2E3}.Debug|Any CPU.ActiveCfg = Debug|Any CPU
		{689B9E2B-BC52-46A0-A99E-52101226A2E3}.Debug|Any CPU.Build.0 = Debug|Any CPU
		{689B9E2B-BC52-46A0-A99E-52101226A2E3}.Release|Any CPU.ActiveCfg = Release|Any CPU
		{689B9E2B-BC52-46A0-A99E-52101226A2E3}.Release|Any CPU.Build.0 = Release|Any CPU
	EndGlobalSection
	GlobalSection(SolutionProperties) = preSolution
		HideSolutionNode = FALSE
	EndGlobalSection
	GlobalSection(ExtensibilityGlobals) = postSolution
		SolutionGuid = {935DF309-57AE-4BD0-9189-AD3C26339964}
	EndGlobalSection
EndGlobal
